// !$*UTF8*$!
{
	archiveVersion = 1;
	classes = {
	};
	objectVersion = 56;
	objects = {

/* Begin PBXBuildFile section */
		A92F08292CA831B1000820B2 /* MovieApi.swift in Sources */ = {isa = PBXBuildFile; fileRef = A92F08282CA831B1000820B2 /* MovieApi.swift */; };
		A92F082B2CA831CC000820B2 /* NetworkManager.swift in Sources */ = {isa = PBXBuildFile; fileRef = A92F082A2CA831CC000820B2 /* NetworkManager.swift */; };
		A96B5D102CA77FA800925E1D /* MainTabBarView.swift in Sources */ = {isa = PBXBuildFile; fileRef = A96B5D0F2CA77FA800925E1D /* MainTabBarView.swift */; };
		A96B5D122CA7823600925E1D /* HomeView.swift in Sources */ = {isa = PBXBuildFile; fileRef = A96B5D112CA7823600925E1D /* HomeView.swift */; };
		A96B5D142CA7824C00925E1D /* UpComingView.swift in Sources */ = {isa = PBXBuildFile; fileRef = A96B5D132CA7824C00925E1D /* UpComingView.swift */; };
		A96B5D162CA7825C00925E1D /* SearchView.swift in Sources */ = {isa = PBXBuildFile; fileRef = A96B5D152CA7825C00925E1D /* SearchView.swift */; };
		A96B5D182CA782BF00925E1D /* DownloadsView.swift in Sources */ = {isa = PBXBuildFile; fileRef = A96B5D172CA782BF00925E1D /* DownloadsView.swift */; };
		A96B5D1A2CA7918800925E1D /* LoginView.swift in Sources */ = {isa = PBXBuildFile; fileRef = A96B5D192CA7918800925E1D /* LoginView.swift */; };
		A96B5D1C2CA797DC00925E1D /* RegisterView.swift in Sources */ = {isa = PBXBuildFile; fileRef = A96B5D1B2CA797DC00925E1D /* RegisterView.swift */; };
		A96B5D1E2CA7A78200925E1D /* LunchScreen.storyboard in Resources */ = {isa = PBXBuildFile; fileRef = A96B5D1D2CA7A78200925E1D /* LunchScreen.storyboard */; };
		A99CEF9F2CA4C51600926610 /* HomeScreen.swift in Sources */ = {isa = PBXBuildFile; fileRef = A99CEF9E2CA4C51600926610 /* HomeScreen.swift */; };
		A99CEFA12CA4C51800926610 /* Assets.xcassets in Resources */ = {isa = PBXBuildFile; fileRef = A99CEFA02CA4C51800926610 /* Assets.xcassets */; };
		A99CEFA42CA4C51800926610 /* Preview Assets.xcassets in Resources */ = {isa = PBXBuildFile; fileRef = A99CEFA32CA4C51800926610 /* Preview Assets.xcassets */; };
		A99CEFA62CA4C51800926610 /* Persistence.swift in Sources */ = {isa = PBXBuildFile; fileRef = A99CEFA52CA4C51800926610 /* Persistence.swift */; };
		A99CEFA92CA4C51800926610 /* MovieApp.xcdatamodeld in Sources */ = {isa = PBXBuildFile; fileRef = A99CEFA72CA4C51800926610 /* MovieApp.xcdatamodeld */; };
		A99CEFB02CA4D21A00926610 /* Colors.xcassets in Resources */ = {isa = PBXBuildFile; fileRef = A99CEFAF2CA4D21A00926610 /* Colors.xcassets */; };
		A99CEFB22CA4DA5100926610 /* SignInScreenView.swift in Sources */ = {isa = PBXBuildFile; fileRef = A99CEFB12CA4DA5100926610 /* SignInScreenView.swift */; };
		A99CEFB42CA4DA5F00926610 /* SignUpScreenView.swift in Sources */ = {isa = PBXBuildFile; fileRef = A99CEFB32CA4DA5F00926610 /* SignUpScreenView.swift */; };
		A99CEFBB2CA4F1FD00926610 /* MovieApp.swift in Sources */ = {isa = PBXBuildFile; fileRef = A99CEFBA2CA4F1FD00926610 /* MovieApp.swift */; };
		A99CEFBF2CA4F24A00926610 /* UserData.swift in Sources */ = {isa = PBXBuildFile; fileRef = A99CEFBE2CA4F24A00926610 /* UserData.swift */; };
		A99CEFCA2CA4FC0D00926610 /* FirebaseAnalytics in Frameworks */ = {isa = PBXBuildFile; productRef = A99CEFC92CA4FC0D00926610 /* FirebaseAnalytics */; };
		A99CEFCC2CA4FC0D00926610 /* FirebaseAnalyticsOnDeviceConversion in Frameworks */ = {isa = PBXBuildFile; productRef = A99CEFCB2CA4FC0D00926610 /* FirebaseAnalyticsOnDeviceConversion */; };
		A99CEFCE2CA4FC0D00926610 /* FirebaseAnalyticsWithoutAdIdSupport in Frameworks */ = {isa = PBXBuildFile; productRef = A99CEFCD2CA4FC0D00926610 /* FirebaseAnalyticsWithoutAdIdSupport */; };
		A99CEFD02CA4FC0D00926610 /* FirebaseAppCheck in Frameworks */ = {isa = PBXBuildFile; productRef = A99CEFCF2CA4FC0D00926610 /* FirebaseAppCheck */; };
		A99CEFD22CA4FC0D00926610 /* FirebaseAppDistribution-Beta in Frameworks */ = {isa = PBXBuildFile; productRef = A99CEFD12CA4FC0D00926610 /* FirebaseAppDistribution-Beta */; };
		A99CEFDA2CA4FD7400926610 /* GoogleSignIn in Frameworks */ = {isa = PBXBuildFile; productRef = A99CEFD92CA4FD7400926610 /* GoogleSignIn */; };
		A99CEFDC2CA4FD7400926610 /* GoogleSignInSwift in Frameworks */ = {isa = PBXBuildFile; productRef = A99CEFDB2CA4FD7400926610 /* GoogleSignInSwift */; };
		A99CEFE02CA5022400926610 /* FirebaseAuth in Frameworks */ = {isa = PBXBuildFile; productRef = A99CEFDF2CA5022400926610 /* FirebaseAuth */; };
		A9BD63FA2CA746F4007DE9F3 /* MovieZoneLogo.swift in Sources */ = {isa = PBXBuildFile; fileRef = A9BD63F92CA746F4007DE9F3 /* MovieZoneLogo.swift */; };
		A9BD640C2CA7513A007DE9F3 /* IBMPlexMono-Bold.ttf in Resources */ = {isa = PBXBuildFile; fileRef = A9BD640B2CA7513A007DE9F3 /* IBMPlexMono-Bold.ttf */; };
		C63A3A522CA5D19500965111 /* MoviesView.swift in Sources */ = {isa = PBXBuildFile; fileRef = C63A3A512CA5D19500965111 /* MoviesView.swift */; };
		C688997E2CA5109600E1F1B1 /* GoogleService-Info.plist in Resources */ = {isa = PBXBuildFile; fileRef = C688997D2CA5109600E1F1B1 /* GoogleService-Info.plist */; };
/* End PBXBuildFile section */

/* Begin PBXFileReference section */
		A92F08282CA831B1000820B2 /* MovieApi.swift */ = {isa = PBXFileReference; lastKnownFileType = sourcecode.swift; path = MovieApi.swift; sourceTree = "<group>"; };
		A92F082A2CA831CC000820B2 /* NetworkManager.swift */ = {isa = PBXFileReference; lastKnownFileType = sourcecode.swift; path = NetworkManager.swift; sourceTree = "<group>"; };
		A96B5D0F2CA77FA800925E1D /* MainTabBarView.swift */ = {isa = PBXFileReference; lastKnownFileType = sourcecode.swift; path = MainTabBarView.swift; sourceTree = "<group>"; };
		A96B5D112CA7823600925E1D /* HomeView.swift */ = {isa = PBXFileReference; lastKnownFileType = sourcecode.swift; path = HomeView.swift; sourceTree = "<group>"; };
		A96B5D132CA7824C00925E1D /* UpComingView.swift */ = {isa = PBXFileReference; lastKnownFileType = sourcecode.swift; path = UpComingView.swift; sourceTree = "<group>"; };
		A96B5D152CA7825C00925E1D /* SearchView.swift */ = {isa = PBXFileReference; lastKnownFileType = sourcecode.swift; path = SearchView.swift; sourceTree = "<group>"; };
		A96B5D172CA782BF00925E1D /* DownloadsView.swift */ = {isa = PBXFileReference; lastKnownFileType = sourcecode.swift; path = DownloadsView.swift; sourceTree = "<group>"; };
		A96B5D192CA7918800925E1D /* LoginView.swift */ = {isa = PBXFileReference; lastKnownFileType = sourcecode.swift; path = LoginView.swift; sourceTree = "<group>"; };
		A96B5D1B2CA797DC00925E1D /* RegisterView.swift */ = {isa = PBXFileReference; lastKnownFileType = sourcecode.swift; path = RegisterView.swift; sourceTree = "<group>"; };
		A96B5D1D2CA7A78200925E1D /* LunchScreen.storyboard */ = {isa = PBXFileReference; lastKnownFileType = file.storyboard; path = LunchScreen.storyboard; sourceTree = "<group>"; };
		A99CEF992CA4C51600926610 /* MovieApp.app */ = {isa = PBXFileReference; explicitFileType = wrapper.application; includeInIndex = 0; path = MovieApp.app; sourceTree = BUILT_PRODUCTS_DIR; };
		A99CEF9E2CA4C51600926610 /* HomeScreen.swift */ = {isa = PBXFileReference; lastKnownFileType = sourcecode.swift; path = HomeScreen.swift; sourceTree = "<group>"; };
		A99CEFA02CA4C51800926610 /* Assets.xcassets */ = {isa = PBXFileReference; lastKnownFileType = folder.assetcatalog; path = Assets.xcassets; sourceTree = "<group>"; };
		A99CEFA32CA4C51800926610 /* Preview Assets.xcassets */ = {isa = PBXFileReference; lastKnownFileType = folder.assetcatalog; path = "Preview Assets.xcassets"; sourceTree = "<group>"; };
		A99CEFA52CA4C51800926610 /* Persistence.swift */ = {isa = PBXFileReference; lastKnownFileType = sourcecode.swift; path = Persistence.swift; sourceTree = "<group>"; };
		A99CEFA82CA4C51800926610 /* MovieApp.xcdatamodel */ = {isa = PBXFileReference; lastKnownFileType = wrapper.xcdatamodel; path = MovieApp.xcdatamodel; sourceTree = "<group>"; };
		A99CEFAF2CA4D21A00926610 /* Colors.xcassets */ = {isa = PBXFileReference; lastKnownFileType = folder.assetcatalog; path = Colors.xcassets; sourceTree = "<group>"; };
		A99CEFB12CA4DA5100926610 /* SignInScreenView.swift */ = {isa = PBXFileReference; lastKnownFileType = sourcecode.swift; path = SignInScreenView.swift; sourceTree = "<group>"; };
		A99CEFB32CA4DA5F00926610 /* SignUpScreenView.swift */ = {isa = PBXFileReference; lastKnownFileType = sourcecode.swift; path = SignUpScreenView.swift; sourceTree = "<group>"; };
		A99CEFBA2CA4F1FD00926610 /* MovieApp.swift */ = {isa = PBXFileReference; lastKnownFileType = sourcecode.swift; path = MovieApp.swift; sourceTree = "<group>"; };
		A99CEFBE2CA4F24A00926610 /* UserData.swift */ = {isa = PBXFileReference; lastKnownFileType = sourcecode.swift; path = UserData.swift; sourceTree = "<group>"; };
		A9BD63F92CA746F4007DE9F3 /* MovieZoneLogo.swift */ = {isa = PBXFileReference; lastKnownFileType = sourcecode.swift; path = MovieZoneLogo.swift; sourceTree = "<group>"; };
		A9BD640B2CA7513A007DE9F3 /* IBMPlexMono-Bold.ttf */ = {isa = PBXFileReference; lastKnownFileType = file; path = "IBMPlexMono-Bold.ttf"; sourceTree = "<group>"; };
		C63A3A512CA5D19500965111 /* MoviesView.swift */ = {isa = PBXFileReference; lastKnownFileType = sourcecode.swift; path = MoviesView.swift; sourceTree = "<group>"; };
		C688997D2CA5109600E1F1B1 /* GoogleService-Info.plist */ = {isa = PBXFileReference; lastKnownFileType = text.plist.xml; path = "GoogleService-Info.plist"; sourceTree = "<group>"; };
/* End PBXFileReference section */

/* Begin PBXFrameworksBuildPhase section */
		A99CEF962CA4C51600926610 /* Frameworks */ = {
			isa = PBXFrameworksBuildPhase;
			buildActionMask = 2147483647;
			files = (
				A99CEFD02CA4FC0D00926610 /* FirebaseAppCheck in Frameworks */,
				A99CEFCA2CA4FC0D00926610 /* FirebaseAnalytics in Frameworks */,
				A99CEFDC2CA4FD7400926610 /* GoogleSignInSwift in Frameworks */,
				A99CEFD22CA4FC0D00926610 /* FirebaseAppDistribution-Beta in Frameworks */,
				A99CEFCE2CA4FC0D00926610 /* FirebaseAnalyticsWithoutAdIdSupport in Frameworks */,
				A99CEFCC2CA4FC0D00926610 /* FirebaseAnalyticsOnDeviceConversion in Frameworks */,
				A99CEFDA2CA4FD7400926610 /* GoogleSignIn in Frameworks */,
				A99CEFE02CA5022400926610 /* FirebaseAuth in Frameworks */,
			);
			runOnlyForDeploymentPostprocessing = 0;
		};
/* End PBXFrameworksBuildPhase section */

/* Begin PBXGroup section */
		A99CEF902CA4C51600926610 = {
			isa = PBXGroup;
			children = (
				A99CEF9B2CA4C51600926610 /* MovieApp */,
				A99CEF9A2CA4C51600926610 /* Products */,
				AAB315EA26B5290F534F8BC0 /* Pods */,
			);
			sourceTree = "<group>";
		};
		A99CEF9A2CA4C51600926610 /* Products */ = {
			isa = PBXGroup;
			children = (
				A99CEF992CA4C51600926610 /* MovieApp.app */,
			);
			name = Products;
			sourceTree = "<group>";
		};
		A99CEF9B2CA4C51600926610 /* MovieApp */ = {
			isa = PBXGroup;
			children = (
				A9BD640D2CA7524C007DE9F3 /* Fonts */,
				C688997D2CA5109600E1F1B1 /* GoogleService-Info.plist */,
				A99CEF9E2CA4C51600926610 /* HomeScreen.swift */,
				A96B5D192CA7918800925E1D /* LoginView.swift */,
				A92F08282CA831B1000820B2 /* MovieApi.swift */,
				A92F082A2CA831CC000820B2 /* NetworkManager.swift */,
				A96B5D1B2CA797DC00925E1D /* RegisterView.swift */,
				A99CEFBA2CA4F1FD00926610 /* MovieApp.swift */,
				A9BD63F92CA746F4007DE9F3 /* MovieZoneLogo.swift */,
				A96B5D132CA7824C00925E1D /* UpComingView.swift */,
				A96B5D152CA7825C00925E1D /* SearchView.swift */,
				A96B5D112CA7823600925E1D /* HomeView.swift */,
				A96B5D172CA782BF00925E1D /* DownloadsView.swift */,
				A96B5D0F2CA77FA800925E1D /* MainTabBarView.swift */,
				A96B5D1D2CA7A78200925E1D /* LunchScreen.storyboard */,
				A99CEFBE2CA4F24A00926610 /* UserData.swift */,
				A99CEFB12CA4DA5100926610 /* SignInScreenView.swift */,
				A99CEFB32CA4DA5F00926610 /* SignUpScreenView.swift */,
				C63A3A512CA5D19500965111 /* MoviesView.swift */,
				A99CEFA02CA4C51800926610 /* Assets.xcassets */,
				A99CEFAF2CA4D21A00926610 /* Colors.xcassets */,
				A99CEFA52CA4C51800926610 /* Persistence.swift */,
				A99CEFA72CA4C51800926610 /* MovieApp.xcdatamodeld */,
				A99CEFA22CA4C51800926610 /* Preview Content */,
			);
			path = MovieApp;
			sourceTree = "<group>";
		};
		A99CEFA22CA4C51800926610 /* Preview Content */ = {
			isa = PBXGroup;
			children = (
				A99CEFA32CA4C51800926610 /* Preview Assets.xcassets */,
			);
			path = "Preview Content";
			sourceTree = "<group>";
		};
		A9BD640D2CA7524C007DE9F3 /* Fonts */ = {
			isa = PBXGroup;
			children = (
				A9BD640B2CA7513A007DE9F3 /* IBMPlexMono-Bold.ttf */,
			);
			path = Fonts;
			sourceTree = "<group>";
		};
		AAB315EA26B5290F534F8BC0 /* Pods */ = {
			isa = PBXGroup;
			children = (
			);
			path = Pods;
			sourceTree = "<group>";
		};
/* End PBXGroup section */

/* Begin PBXNativeTarget section */
		A99CEF982CA4C51600926610 /* MovieApp */ = {
			isa = PBXNativeTarget;
			buildConfigurationList = A99CEFAC2CA4C51800926610 /* Build configuration list for PBXNativeTarget "MovieApp" */;
			buildPhases = (
				A99CEF952CA4C51600926610 /* Sources */,
				A99CEF962CA4C51600926610 /* Frameworks */,
				A99CEF972CA4C51600926610 /* Resources */,
			);
			buildRules = (
			);
			dependencies = (
			);
			name = MovieApp;
			packageProductDependencies = (
				A99CEFC92CA4FC0D00926610 /* FirebaseAnalytics */,
				A99CEFCB2CA4FC0D00926610 /* FirebaseAnalyticsOnDeviceConversion */,
				A99CEFCD2CA4FC0D00926610 /* FirebaseAnalyticsWithoutAdIdSupport */,
				A99CEFCF2CA4FC0D00926610 /* FirebaseAppCheck */,
				A99CEFD12CA4FC0D00926610 /* FirebaseAppDistribution-Beta */,
				A99CEFD92CA4FD7400926610 /* GoogleSignIn */,
				A99CEFDB2CA4FD7400926610 /* GoogleSignInSwift */,
				A99CEFDF2CA5022400926610 /* FirebaseAuth */,
			);
			productName = MovieApp;
			productReference = A99CEF992CA4C51600926610 /* MovieApp.app */;
			productType = "com.apple.product-type.application";
		};
/* End PBXNativeTarget section */

/* Begin PBXProject section */
		A99CEF912CA4C51600926610 /* Project object */ = {
			isa = PBXProject;
			attributes = {
				BuildIndependentTargetsInParallel = 1;
				LastSwiftUpdateCheck = 1520;
				LastUpgradeCheck = 1520;
				TargetAttributes = {
					A99CEF982CA4C51600926610 = {
						CreatedOnToolsVersion = 15.2;
					};
				};
			};
			buildConfigurationList = A99CEF942CA4C51600926610 /* Build configuration list for PBXProject "MovieApp" */;
			compatibilityVersion = "Xcode 14.0";
			developmentRegion = en;
			hasScannedForEncodings = 0;
			knownRegions = (
				en,
				Base,
			);
			mainGroup = A99CEF902CA4C51600926610;
			packageReferences = (
				A99CEFC82CA4FC0D00926610 /* XCRemoteSwiftPackageReference "firebase-ios-sdk" */,
				A99CEFD82CA4FD7400926610 /* XCRemoteSwiftPackageReference "GoogleSignIn-iOS.git" */,
			);
			productRefGroup = A99CEF9A2CA4C51600926610 /* Products */;
			projectDirPath = "";
			projectRoot = "";
			targets = (
				A99CEF982CA4C51600926610 /* MovieApp */,
			);
		};
/* End PBXProject section */

/* Begin PBXResourcesBuildPhase section */
		A99CEF972CA4C51600926610 /* Resources */ = {
			isa = PBXResourcesBuildPhase;
			buildActionMask = 2147483647;
			files = (
				A99CEFB02CA4D21A00926610 /* Colors.xcassets in Resources */,
				C688997E2CA5109600E1F1B1 /* GoogleService-Info.plist in Resources */,
				A99CEFA42CA4C51800926610 /* Preview Assets.xcassets in Resources */,
				A9BD640C2CA7513A007DE9F3 /* IBMPlexMono-Bold.ttf in Resources */,
				A99CEFA12CA4C51800926610 /* Assets.xcassets in Resources */,
				A96B5D1E2CA7A78200925E1D /* LunchScreen.storyboard in Resources */,
			);
			runOnlyForDeploymentPostprocessing = 0;
		};
/* End PBXResourcesBuildPhase section */

/* Begin PBXSourcesBuildPhase section */
		A99CEF952CA4C51600926610 /* Sources */ = {
			isa = PBXSourcesBuildPhase;
			buildActionMask = 2147483647;
			files = (
				A92F082B2CA831CC000820B2 /* NetworkManager.swift in Sources */,
				A99CEFBB2CA4F1FD00926610 /* MovieApp.swift in Sources */,
				C63A3A522CA5D19500965111 /* MoviesView.swift in Sources */,
				A96B5D182CA782BF00925E1D /* DownloadsView.swift in Sources */,
				A96B5D1A2CA7918800925E1D /* LoginView.swift in Sources */,
				A99CEFA62CA4C51800926610 /* Persistence.swift in Sources */,
				A99CEFBF2CA4F24A00926610 /* UserData.swift in Sources */,
				A99CEF9F2CA4C51600926610 /* HomeScreen.swift in Sources */,
				A96B5D122CA7823600925E1D /* HomeView.swift in Sources */,
				A96B5D102CA77FA800925E1D /* MainTabBarView.swift in Sources */,
				A99CEFB22CA4DA5100926610 /* SignInScreenView.swift in Sources */,
				A96B5D162CA7825C00925E1D /* SearchView.swift in Sources */,
				A99CEFA92CA4C51800926610 /* MovieApp.xcdatamodeld in Sources */,
				A99CEFB42CA4DA5F00926610 /* SignUpScreenView.swift in Sources */,
				A96B5D1C2CA797DC00925E1D /* RegisterView.swift in Sources */,
				A96B5D142CA7824C00925E1D /* UpComingView.swift in Sources */,
				A9BD63FA2CA746F4007DE9F3 /* MovieZoneLogo.swift in Sources */,
				A92F08292CA831B1000820B2 /* MovieApi.swift in Sources */,
			);
			runOnlyForDeploymentPostprocessing = 0;
		};
/* End PBXSourcesBuildPhase section */

/* Begin XCBuildConfiguration section */
		A99CEFAA2CA4C51800926610 /* Debug */ = {
			isa = XCBuildConfiguration;
			buildSettings = {
				ALWAYS_SEARCH_USER_PATHS = NO;
				ASSETCATALOG_COMPILER_GENERATE_SWIFT_ASSET_SYMBOL_EXTENSIONS = YES;
				CLANG_ANALYZER_NONNULL = YES;
				CLANG_ANALYZER_NUMBER_OBJECT_CONVERSION = YES_AGGRESSIVE;
				CLANG_CXX_LANGUAGE_STANDARD = "gnu++20";
				CLANG_ENABLE_MODULES = YES;
				CLANG_ENABLE_OBJC_ARC = YES;
				CLANG_ENABLE_OBJC_WEAK = YES;
				CLANG_WARN_BLOCK_CAPTURE_AUTORELEASING = YES;
				CLANG_WARN_BOOL_CONVERSION = YES;
				CLANG_WARN_COMMA = YES;
				CLANG_WARN_CONSTANT_CONVERSION = YES;
				CLANG_WARN_DEPRECATED_OBJC_IMPLEMENTATIONS = YES;
				CLANG_WARN_DIRECT_OBJC_ISA_USAGE = YES_ERROR;
				CLANG_WARN_DOCUMENTATION_COMMENTS = YES;
				CLANG_WARN_EMPTY_BODY = YES;
				CLANG_WARN_ENUM_CONVERSION = YES;
				CLANG_WARN_INFINITE_RECURSION = YES;
				CLANG_WARN_INT_CONVERSION = YES;
				CLANG_WARN_NON_LITERAL_NULL_CONVERSION = YES;
				CLANG_WARN_OBJC_IMPLICIT_RETAIN_SELF = YES;
				CLANG_WARN_OBJC_LITERAL_CONVERSION = YES;
				CLANG_WARN_OBJC_ROOT_CLASS = YES_ERROR;
				CLANG_WARN_QUOTED_INCLUDE_IN_FRAMEWORK_HEADER = YES;
				CLANG_WARN_RANGE_LOOP_ANALYSIS = YES;
				CLANG_WARN_STRICT_PROTOTYPES = YES;
				CLANG_WARN_SUSPICIOUS_MOVE = YES;
				CLANG_WARN_UNGUARDED_AVAILABILITY = YES_AGGRESSIVE;
				CLANG_WARN_UNREACHABLE_CODE = YES;
				CLANG_WARN__DUPLICATE_METHOD_MATCH = YES;
				COPY_PHASE_STRIP = NO;
				DEBUG_INFORMATION_FORMAT = dwarf;
				ENABLE_STRICT_OBJC_MSGSEND = YES;
				ENABLE_TESTABILITY = YES;
				ENABLE_USER_SCRIPT_SANDBOXING = YES;
				GCC_C_LANGUAGE_STANDARD = gnu17;
				GCC_DYNAMIC_NO_PIC = NO;
				GCC_NO_COMMON_BLOCKS = YES;
				GCC_OPTIMIZATION_LEVEL = 0;
				GCC_PREPROCESSOR_DEFINITIONS = (
					"DEBUG=1",
					"$(inherited)",
				);
				GCC_WARN_64_TO_32_BIT_CONVERSION = YES;
				GCC_WARN_ABOUT_RETURN_TYPE = YES_ERROR;
				GCC_WARN_UNDECLARED_SELECTOR = YES;
				GCC_WARN_UNINITIALIZED_AUTOS = YES_AGGRESSIVE;
				GCC_WARN_UNUSED_FUNCTION = YES;
				GCC_WARN_UNUSED_VARIABLE = YES;
				IPHONEOS_DEPLOYMENT_TARGET = 17.2;
				LOCALIZATION_PREFERS_STRING_CATALOGS = YES;
				MTL_ENABLE_DEBUG_INFO = INCLUDE_SOURCE;
				MTL_FAST_MATH = YES;
				ONLY_ACTIVE_ARCH = YES;
				SDKROOT = iphoneos;
				SWIFT_ACTIVE_COMPILATION_CONDITIONS = "DEBUG $(inherited)";
				SWIFT_OPTIMIZATION_LEVEL = "-Onone";
			};
			name = Debug;
		};
		A99CEFAB2CA4C51800926610 /* Release */ = {
			isa = XCBuildConfiguration;
			buildSettings = {
				ALWAYS_SEARCH_USER_PATHS = NO;
				ASSETCATALOG_COMPILER_GENERATE_SWIFT_ASSET_SYMBOL_EXTENSIONS = YES;
				CLANG_ANALYZER_NONNULL = YES;
				CLANG_ANALYZER_NUMBER_OBJECT_CONVERSION = YES_AGGRESSIVE;
				CLANG_CXX_LANGUAGE_STANDARD = "gnu++20";
				CLANG_ENABLE_MODULES = YES;
				CLANG_ENABLE_OBJC_ARC = YES;
				CLANG_ENABLE_OBJC_WEAK = YES;
				CLANG_WARN_BLOCK_CAPTURE_AUTORELEASING = YES;
				CLANG_WARN_BOOL_CONVERSION = YES;
				CLANG_WARN_COMMA = YES;
				CLANG_WARN_CONSTANT_CONVERSION = YES;
				CLANG_WARN_DEPRECATED_OBJC_IMPLEMENTATIONS = YES;
				CLANG_WARN_DIRECT_OBJC_ISA_USAGE = YES_ERROR;
				CLANG_WARN_DOCUMENTATION_COMMENTS = YES;
				CLANG_WARN_EMPTY_BODY = YES;
				CLANG_WARN_ENUM_CONVERSION = YES;
				CLANG_WARN_INFINITE_RECURSION = YES;
				CLANG_WARN_INT_CONVERSION = YES;
				CLANG_WARN_NON_LITERAL_NULL_CONVERSION = YES;
				CLANG_WARN_OBJC_IMPLICIT_RETAIN_SELF = YES;
				CLANG_WARN_OBJC_LITERAL_CONVERSION = YES;
				CLANG_WARN_OBJC_ROOT_CLASS = YES_ERROR;
				CLANG_WARN_QUOTED_INCLUDE_IN_FRAMEWORK_HEADER = YES;
				CLANG_WARN_RANGE_LOOP_ANALYSIS = YES;
				CLANG_WARN_STRICT_PROTOTYPES = YES;
				CLANG_WARN_SUSPICIOUS_MOVE = YES;
				CLANG_WARN_UNGUARDED_AVAILABILITY = YES_AGGRESSIVE;
				CLANG_WARN_UNREACHABLE_CODE = YES;
				CLANG_WARN__DUPLICATE_METHOD_MATCH = YES;
				COPY_PHASE_STRIP = NO;
				DEBUG_INFORMATION_FORMAT = "dwarf-with-dsym";
				ENABLE_NS_ASSERTIONS = NO;
				ENABLE_STRICT_OBJC_MSGSEND = YES;
				ENABLE_USER_SCRIPT_SANDBOXING = YES;
				GCC_C_LANGUAGE_STANDARD = gnu17;
				GCC_NO_COMMON_BLOCKS = YES;
				GCC_WARN_64_TO_32_BIT_CONVERSION = YES;
				GCC_WARN_ABOUT_RETURN_TYPE = YES_ERROR;
				GCC_WARN_UNDECLARED_SELECTOR = YES;
				GCC_WARN_UNINITIALIZED_AUTOS = YES_AGGRESSIVE;
				GCC_WARN_UNUSED_FUNCTION = YES;
				GCC_WARN_UNUSED_VARIABLE = YES;
				IPHONEOS_DEPLOYMENT_TARGET = 17.2;
				LOCALIZATION_PREFERS_STRING_CATALOGS = YES;
				MTL_ENABLE_DEBUG_INFO = NO;
				MTL_FAST_MATH = YES;
				SDKROOT = iphoneos;
				SWIFT_COMPILATION_MODE = wholemodule;
				VALIDATE_PRODUCT = YES;
			};
			name = Release;
		};
		A99CEFAD2CA4C51800926610 /* Debug */ = {
			isa = XCBuildConfiguration;
			buildSettings = {
				ASSETCATALOG_COMPILER_APPICON_NAME = AppIcon;
				ASSETCATALOG_COMPILER_GLOBAL_ACCENT_COLOR_NAME = AccentColor;
				CODE_SIGN_STYLE = Automatic;
				CURRENT_PROJECT_VERSION = 1;
				DEVELOPMENT_ASSET_PATHS = "\"MovieApp/Preview Content\"";
				ENABLE_PREVIEWS = YES;
				GENERATE_INFOPLIST_FILE = YES;
				INFOPLIST_FILE = MovieApp/Info.plist;
				INFOPLIST_KEY_UIApplicationSupportsIndirectInputEvents = YES;
				INFOPLIST_KEY_UILaunchStoryboardName = LunchScreen.storyboard;
				INFOPLIST_KEY_UIRequiredDeviceCapabilities = armv7;
				INFOPLIST_KEY_UISupportedInterfaceOrientations = "UIInterfaceOrientationPortrait UIInterfaceOrientationLandscapeLeft UIInterfaceOrientationLandscapeRight";
				INFOPLIST_KEY_UISupportedInterfaceOrientations_iPad = "UIInterfaceOrientationPortrait UIInterfaceOrientationPortraitUpsideDown UIInterfaceOrientationLandscapeLeft UIInterfaceOrientationLandscapeRight";
				INFOPLIST_KEY_UISupportedInterfaceOrientations_iPhone = "UIInterfaceOrientationPortrait UIInterfaceOrientationLandscapeLeft UIInterfaceOrientationLandscapeRight";
				LD_RUNPATH_SEARCH_PATHS = (
					"$(inherited)",
					"@executable_path/Frameworks",
				);
				MARKETING_VERSION = 1.0;
				PRODUCT_BUNDLE_IDENTIFIER = engy.MovieApp;
				PRODUCT_NAME = "$(TARGET_NAME)";
				SWIFT_EMIT_LOC_STRINGS = YES;
				SWIFT_VERSION = 5.0;
				TARGETED_DEVICE_FAMILY = "1,2";
			};
			name = Debug;
		};
		A99CEFAE2CA4C51800926610 /* Release */ = {
			isa = XCBuildConfiguration;
			buildSettings = {
				ASSETCATALOG_COMPILER_APPICON_NAME = AppIcon;
				ASSETCATALOG_COMPILER_GLOBAL_ACCENT_COLOR_NAME = AccentColor;
				CODE_SIGN_STYLE = Automatic;
				CURRENT_PROJECT_VERSION = 1;
				DEVELOPMENT_ASSET_PATHS = "\"MovieApp/Preview Content\"";
				ENABLE_PREVIEWS = YES;
				GENERATE_INFOPLIST_FILE = YES;
				INFOPLIST_FILE = MovieApp/Info.plist;
				INFOPLIST_KEY_UIApplicationSupportsIndirectInputEvents = YES;
				INFOPLIST_KEY_UILaunchStoryboardName = LunchScreen.storyboard;
				INFOPLIST_KEY_UIRequiredDeviceCapabilities = armv7;
				INFOPLIST_KEY_UISupportedInterfaceOrientations = "UIInterfaceOrientationPortrait UIInterfaceOrientationLandscapeLeft UIInterfaceOrientationLandscapeRight";
				INFOPLIST_KEY_UISupportedInterfaceOrientations_iPad = "UIInterfaceOrientationPortrait UIInterfaceOrientationPortraitUpsideDown UIInterfaceOrientationLandscapeLeft UIInterfaceOrientationLandscapeRight";
				INFOPLIST_KEY_UISupportedInterfaceOrientations_iPhone = "UIInterfaceOrientationPortrait UIInterfaceOrientationLandscapeLeft UIInterfaceOrientationLandscapeRight";
				LD_RUNPATH_SEARCH_PATHS = (
					"$(inherited)",
					"@executable_path/Frameworks",
				);
				MARKETING_VERSION = 1.0;
				PRODUCT_BUNDLE_IDENTIFIER = engy.MovieApp;
				PRODUCT_NAME = "$(TARGET_NAME)";
				SWIFT_EMIT_LOC_STRINGS = YES;
				SWIFT_VERSION = 5.0;
				TARGETED_DEVICE_FAMILY = "1,2";
			};
			name = Release;
		};
/* End XCBuildConfiguration section */

/* Begin XCConfigurationList section */
		A99CEF942CA4C51600926610 /* Build configuration list for PBXProject "MovieApp" */ = {
			isa = XCConfigurationList;
			buildConfigurations = (
				A99CEFAA2CA4C51800926610 /* Debug */,
				A99CEFAB2CA4C51800926610 /* Release */,
			);
			defaultConfigurationIsVisible = 0;
			defaultConfigurationName = Release;
		};
		A99CEFAC2CA4C51800926610 /* Build configuration list for PBXNativeTarget "MovieApp" */ = {
			isa = XCConfigurationList;
			buildConfigurations = (
				A99CEFAD2CA4C51800926610 /* Debug */,
				A99CEFAE2CA4C51800926610 /* Release */,
			);
			defaultConfigurationIsVisible = 0;
			defaultConfigurationName = Release;
		};
/* End XCConfigurationList section */

/* Begin XCRemoteSwiftPackageReference section */
		A99CEFC82CA4FC0D00926610 /* XCRemoteSwiftPackageReference "firebase-ios-sdk" */ = {
			isa = XCRemoteSwiftPackageReference;
			repositoryURL = "https://github.com/firebase/firebase-ios-sdk";
			requirement = {
				kind = exactVersion;
				version = 10.0.0;
			};
		};
		A99CEFD82CA4FD7400926610 /* XCRemoteSwiftPackageReference "GoogleSignIn-iOS.git" */ = {
			isa = XCRemoteSwiftPackageReference;
			repositoryURL = "https://github.com/google/GoogleSignIn-iOS.git";
			requirement = {
				kind = exactVersion;
				version = 6.2.4;
			};
		};
/* End XCRemoteSwiftPackageReference section */

/* Begin XCSwiftPackageProductDependency section */
		A99CEFC92CA4FC0D00926610 /* FirebaseAnalytics */ = {
			isa = XCSwiftPackageProductDependency;
			package = A99CEFC82CA4FC0D00926610 /* XCRemoteSwiftPackageReference "firebase-ios-sdk" */;
			productName = FirebaseAnalytics;
		};
		A99CEFCB2CA4FC0D00926610 /* FirebaseAnalyticsOnDeviceConversion */ = {
			isa = XCSwiftPackageProductDependency;
			package = A99CEFC82CA4FC0D00926610 /* XCRemoteSwiftPackageReference "firebase-ios-sdk" */;
			productName = FirebaseAnalyticsOnDeviceConversion;
		};
		A99CEFCD2CA4FC0D00926610 /* FirebaseAnalyticsWithoutAdIdSupport */ = {
			isa = XCSwiftPackageProductDependency;
			package = A99CEFC82CA4FC0D00926610 /* XCRemoteSwiftPackageReference "firebase-ios-sdk" */;
			productName = FirebaseAnalyticsWithoutAdIdSupport;
		};
		A99CEFCF2CA4FC0D00926610 /* FirebaseAppCheck */ = {
			isa = XCSwiftPackageProductDependency;
			package = A99CEFC82CA4FC0D00926610 /* XCRemoteSwiftPackageReference "firebase-ios-sdk" */;
			productName = FirebaseAppCheck;
		};
		A99CEFD12CA4FC0D00926610 /* FirebaseAppDistribution-Beta */ = {
			isa = XCSwiftPackageProductDependency;
			package = A99CEFC82CA4FC0D00926610 /* XCRemoteSwiftPackageReference "firebase-ios-sdk" */;
			productName = "FirebaseAppDistribution-Beta";
		};
		A99CEFD92CA4FD7400926610 /* GoogleSignIn */ = {
			isa = XCSwiftPackageProductDependency;
			package = A99CEFD82CA4FD7400926610 /* XCRemoteSwiftPackageReference "GoogleSignIn-iOS.git" */;
			productName = GoogleSignIn;
		};
		A99CEFDB2CA4FD7400926610 /* GoogleSignInSwift */ = {
			isa = XCSwiftPackageProductDependency;
			package = A99CEFD82CA4FD7400926610 /* XCRemoteSwiftPackageReference "GoogleSignIn-iOS.git" */;
			productName = GoogleSignInSwift;
		};
		A99CEFDF2CA5022400926610 /* FirebaseAuth */ = {
			isa = XCSwiftPackageProductDependency;
			package = A99CEFC82CA4FC0D00926610 /* XCRemoteSwiftPackageReference "firebase-ios-sdk" */;
			productName = FirebaseAuth;
		};
/* End XCSwiftPackageProductDependency section */

/* Begin XCVersionGroup section */
		A99CEFA72CA4C51800926610 /* MovieApp.xcdatamodeld */ = {
			isa = XCVersionGroup;
			children = (
				A99CEFA82CA4C51800926610 /* MovieApp.xcdatamodel */,
			);
			currentVersion = A99CEFA82CA4C51800926610 /* MovieApp.xcdatamodel */;
			path = MovieApp.xcdatamodeld;
			sourceTree = "<group>";
			versionGroupType = wrapper.xcdatamodel;
		};
/* End XCVersionGroup section */
	};
	rootObject = A99CEF912CA4C51600926610 /* Project object */;
}
